
Microsoft Visual Studio Solution File, Format Version 12.00
# Visual Studio Version 17
VisualStudioVersion = 17.14.36301.6 d17.14
MinimumVisualStudioVersion = 10.0.40219.1
Project("{FAE04EC0-301F-11D3-BF4B-00C04F79EFBC}") = "MultiQuest-Management", "MultiQuest-Management\MultiQuest-Management.csproj", "{64180BA3-18B6-4274-AE9A-DEF151E99085}"
EndProject
Global
	GlobalSection(SolutionConfigurationPlatforms) = preSolution
		Debug|Any CPU = Debug|Any CPU
		Release|Any CPU = Release|Any CPU
	EndGlobalSection
	GlobalSection(ProjectConfigurationPlatforms) = postSolution
		{64180BA3-18B6-4274-AE9A-DEF151E99085}.Debug|Any CPU.ActiveCfg = Debug|Any CPU
		{64180BA3-18B6-4274-AE9A-DEF151E99085}.Debug|Any CPU.Build.0 = Debug|Any CPU
		{64180BA3-18B6-4274-AE9A-DEF151E99085}.Release|Any CPU.ActiveCfg = Release|Any CPU
		{64180BA3-18B6-4274-AE9A-DEF151E99085}.Release|Any CPU.Build.0 = Release|Any CPU
	EndGlobalSection
	GlobalSection(SolutionProperties) = preSolution
		HideSolutionNode = FALSE
	EndGlobalSection
	GlobalSection(ExtensibilityGlobals) = postSolution
		SolutionGuid = {E3CD5DE5-652B-460C-A29C-4F026AD840E3}
	EndGlobalSection
EndGlobal
